
Microsoft Visual Studio Solution File, Format Version 12.00
Project("{FAE04EC0-301F-11D3-BF4B-00C04F79EFBC}") = "API", "API\API.csproj", "{B807AB4A-02B1-4258-8044-3676379A0CDF}"
EndProject
Global
	GlobalSection(SolutionConfigurationPlatforms) = preSolution
		Debug|Any CPU = Debug|Any CPU
		Release|Any CPU = Release|Any CPU
	EndGlobalSection
	GlobalSection(ProjectConfigurationPlatforms) = postSolution
		{B807AB4A-02B1-4258-8044-3676379A0CDF}.Debug|Any CPU.ActiveCfg = Debug|Any CPU
		{B807AB4A-02B1-4258-8044-3676379A0CDF}.Debug|Any CPU.Build.0 = Debug|Any CPU
		{B807AB4A-02B1-4258-8044-3676379A0CDF}.Release|Any CPU.ActiveCfg = Release|Any CPU
		{B807AB4A-02B1-4258-8044-3676379A0CDF}.Release|Any CPU.Build.0 = Release|Any CPU
	EndGlobalSection
EndGlobal
